
Microsoft Visual Studio Solution File, Format Version 12.00
# Visual Studio Version 17
VisualStudioVersion = 17.0.31903.59
MinimumVisualStudioVersion = 10.0.40219.1
Project("{2150E333-8FDC-42A3-9474-1A3956D46DE8}") = "src", "src", "{827E0CD3-B72D-47B6-A68D-7590B98EB39B}"
EndProject
Project("{2150E333-8FDC-42A3-9474-1A3956D46DE8}") = "Sim", "Sim", "{903E069E-D390-EBCD-45E1-B4BE9FDBE416}"
EndProject
Project("{FAE04EC0-301F-11D3-BF4B-00C04F79EFBC}") = "SmokeSolver.Sim", "src\Sim\SmokeSolver.Sim.csproj", "{BF921D65-1702-485F-99A2-2F626F586E2F}"
EndProject
Project("{FAE04EC0-301F-11D3-BF4B-00C04F79EFBC}") = "SmokeSolver.Cli", "src\Cli\SmokeSolver.Cli.csproj", "{E51062EF-20DC-4A74-B97D-82B2CAD93042}"
EndProject
Project("{FAE04EC0-301F-11D3-BF4B-00C04F79EFBC}") = "SmokeSolver.Extraction", "src\Extraction\SmokeSolver.Extraction.csproj", "{C8E5C677-32F0-460D-B033-D5ADAE7EBDEC}"
EndProject
Project("{FAE04EC0-301F-11D3-BF4B-00C04F79EFBC}") = "SmokeSolver.Sim.Tests", "tests\Sim.Tests\SmokeSolver.Sim.Tests.csproj", "{2C5D1823-F399-4DDB-8B4C-B7BECFC55048}"
EndProject
Project("{2150E333-8FDC-42A3-9474-1A3956D46DE8}") = "Solver", "Solver", "{3D44E5A7-E123-BDB6-F684-CD8BAC9383CC}"
EndProject
Project("{FAE04EC0-301F-11D3-BF4B-00C04F79EFBC}") = "SmokeSolver.Solver", "src\Solver\SmokeSolver.Solver.csproj", "{AAEF83E4-F64E-487B-9E0C-3A2B0AA0066A}"
EndProject
Global
	GlobalSection(SolutionConfigurationPlatforms) = preSolution
		Debug|Any CPU = Debug|Any CPU
		Debug|x64 = Debug|x64
		Debug|x86 = Debug|x86
		Release|Any CPU = Release|Any CPU
		Release|x64 = Release|x64
		Release|x86 = Release|x86
	EndGlobalSection
	GlobalSection(ProjectConfigurationPlatforms) = postSolution
		{BF921D65-1702-485F-99A2-2F626F586E2F}.Debug|Any CPU.ActiveCfg = Debug|Any CPU
		{BF921D65-1702-485F-99A2-2F626F586E2F}.Debug|Any CPU.Build.0 = Debug|Any CPU
		{BF921D65-1702-485F-99A2-2F626F586E2F}.Debug|x64.ActiveCfg = Debug|Any CPU
		{BF921D65-1702-485F-99A2-2F626F586E2F}.Debug|x64.Build.0 = Debug|Any CPU
		{BF921D65-1702-485F-99A2-2F626F586E2F}.Debug|x86.ActiveCfg = Debug|Any CPU
		{BF921D65-1702-485F-99A2-2F626F586E2F}.Debug|x86.Build.0 = Debug|Any CPU
		{BF921D65-1702-485F-99A2-2F626F586E2F}.Release|Any CPU.ActiveCfg = Release|Any CPU
		{BF921D65-1702-485F-99A2-2F626F586E2F}.Release|Any CPU.Build.0 = Release|Any CPU
		{BF921D65-1702-485F-99A2-2F626F586E2F}.Release|x64.ActiveCfg = Release|Any CPU
		{BF921D65-1702-485F-99A2-2F626F586E2F}.Release|x64.Build.0 = Release|Any CPU
		{BF921D65-1702-485F-99A2-2F626F586E2F}.Release|x86.ActiveCfg = Release|Any CPU
		{BF921D65-1702-485F-99A2-2F626F586E2F}.Release|x86.Build.0 = Release|Any CPU
		{E51062EF-20DC-4A74-B97D-82B2CAD93042}.Debug|Any CPU.ActiveCfg = Debug|Any CPU
		{E51062EF-20DC-4A74-B97D-82B2CAD93042}.Debug|Any CPU.Build.0 = Debug|Any CPU
		{E51062EF-20DC-4A74-B97D-82B2CAD93042}.Debug|x64.ActiveCfg = Debug|Any CPU
		{E51062EF-20DC-4A74-B97D-82B2CAD93042}.Debug|x64.Build.0 = Debug|Any CPU
		{E51062EF-20DC-4A74-B97D-82B2CAD93042}.Debug|x86.ActiveCfg = Debug|Any CPU
		{E51062EF-20DC-4A74-B97D-82B2CAD93042}.Debug|x86.Build.0 = Debug|Any CPU
		{E51062EF-20DC-4A74-B97D-82B2CAD93042}.Release|Any CPU.ActiveCfg = Release|Any CPU
		{E51062EF-20DC-4A74-B97D-82B2CAD93042}.Release|Any CPU.Build.0 = Release|Any CPU
		{E51062EF-20DC-4A74-B97D-82B2CAD93042}.Release|x64.ActiveCfg = Release|Any CPU
		{E51062EF-20DC-4A74-B97D-82B2CAD93042}.Release|x64.Build.0 = Release|Any CPU
		{E51062EF-20DC-4A74-B97D-82B2CAD93042}.Release|x86.ActiveCfg = Release|Any CPU
		{E51062EF-20DC-4A74-B97D-82B2CAD93042}.Release|x86.Build.0 = Release|Any CPU
		{C8E5C677-32F0-460D-B033-D5ADAE7EBDEC}.Debug|Any CPU.ActiveCfg = Debug|Any CPU
		{C8E5C677-32F0-460D-B033-D5ADAE7EBDEC}.Debug|Any CPU.Build.0 = Debug|Any CPU
		{C8E5C677-32F0-460D-B033-D5ADAE7EBDEC}.Debug|x64.ActiveCfg = Debug|Any CPU
		{C8E5C677-32F0-460D-B033-D5ADAE7EBDEC}.Debug|x64.Build.0 = Debug|Any CPU
		{C8E5C677-32F0-460D-B033-D5ADAE7EBDEC}.Debug|x86.ActiveCfg = Debug|Any CPU
		{C8E5C677-32F0-460D-B033-D5ADAE7EBDEC}.Debug|x86.Build.0 = Debug|Any CPU
		{C8E5C677-32F0-460D-B033-D5ADAE7EBDEC}.Release|Any CPU.ActiveCfg = Release|Any CPU
		{C8E5C677-32F0-460D-B033-D5ADAE7EBDEC}.Release|Any CPU.Build.0 = Release|Any CPU
		{C8E5C677-32F0-460D-B033-D5ADAE7EBDEC}.Release|x64.ActiveCfg = Release|Any CPU
		{C8E5C677-32F0-460D-B033-D5ADAE7EBDEC}.Release|x64.Build.0 = Release|Any CPU
		{C8E5C677-32F0-460D-B033-D5ADAE7EBDEC}.Release|x86.ActiveCfg = Release|Any CPU
		{C8E5C677-32F0-460D-B033-D5ADAE7EBDEC}.Release|x86.Build.0 = Release|Any CPU
		{2C5D1823-F399-4DDB-8B4C-B7BECFC55048}.Debug|Any CPU.ActiveCfg = Debug|Any CPU
		{2C5D1823-F399-4DDB-8B4C-B7BECFC55048}.Debug|Any CPU.Build.0 = Debug|Any CPU
		{2C5D1823-F399-4DDB-8B4C-B7BECFC55048}.Debug|x64.ActiveCfg = Debug|Any CPU
		{2C5D1823-F399-4DDB-8B4C-B7BECFC55048}.Debug|x64.Build.0 = Debug|Any CPU
		{2C5D1823-F399-4DDB-8B4C-B7BECFC55048}.Debug|x86.ActiveCfg = Debug|Any CPU
		{2C5D1823-F399-4DDB-8B4C-B7BECFC55048}.Debug|x86.Build.0 = Debug|Any CPU
		{2C5D1823-F399-4DDB-8B4C-B7BECFC55048}.Release|Any CPU.ActiveCfg = Release|Any CPU
		{2C5D1823-F399-4DDB-8B4C-B7BECFC55048}.Release|Any CPU.Build.0 = Release|Any CPU
		{2C5D1823-F399-4DDB-8B4C-B7BECFC55048}.Release|x64.ActiveCfg = Release|Any CPU
		{2C5D1823-F399-4DDB-8B4C-B7BECFC55048}.Release|x64.Build.0 = Release|Any CPU
		{2C5D1823-F399-4DDB-8B4C-B7BECFC55048}.Release|x86.ActiveCfg = Release|Any CPU
		{2C5D1823-F399-4DDB-8B4C-B7BECFC55048}.Release|x86.Build.0 = Release|Any CPU
		{AAEF83E4-F64E-487B-9E0C-3A2B0AA0066A}.Debug|Any CPU.ActiveCfg = Debug|Any CPU
		{AAEF83E4-F64E-487B-9E0C-3A2B0AA0066A}.Debug|Any CPU.Build.0 = Debug|Any CPU
		{AAEF83E4-F64E-487B-9E0C-3A2B0AA0066A}.Debug|x64.ActiveCfg = Debug|Any CPU
		{AAEF83E4-F64E-487B-9E0C-3A2B0AA0066A}.Debug|x64.Build.0 = Debug|Any CPU
		{AAEF83E4-F64E-487B-9E0C-3A2B0AA0066A}.Debug|x86.ActiveCfg = Debug|Any CPU
		{AAEF83E4-F64E-487B-9E0C-3A2B0AA0066A}.Debug|x86.Build.0 = Debug|Any CPU
		{AAEF83E4-F64E-487B-9E0C-3A2B0AA0066A}.Release|Any CPU.ActiveCfg = Release|Any CPU
		{AAEF83E4-F64E-487B-9E0C-3A2B0AA0066A}.Release|Any CPU.Build.0 = Release|Any CPU
		{AAEF83E4-F64E-487B-9E0C-3A2B0AA0066A}.Release|x64.ActiveCfg = Release|Any CPU
		{AAEF83E4-F64E-487B-9E0C-3A2B0AA0066A}.Release|x64.Build.0 = Release|Any CPU
		{AAEF83E4-F64E-487B-9E0C-3A2B0AA0066A}.Release|x86.ActiveCfg = Release|Any CPU
		{AAEF83E4-F64E-487B-9E0C-3A2B0AA0066A}.Release|x86.Build.0 = Release|Any CPU
	EndGlobalSection
	GlobalSection(SolutionProperties) = preSolution
		HideSolutionNode = FALSE
	EndGlobalSection
	GlobalSection(NestedProjects) = preSolution
		{903E069E-D390-EBCD-45E1-B4BE9FDBE416} = {827E0CD3-B72D-47B6-A68D-7590B98EB39B}
		{BF921D65-1702-485F-99A2-2F626F586E2F} = {903E069E-D390-EBCD-45E1-B4BE9FDBE416}
		{E51062EF-20DC-4A74-B97D-82B2CAD93042} = {903E069E-D390-EBCD-45E1-B4BE9FDBE416}
		{C8E5C677-32F0-460D-B033-D5ADAE7EBDEC} = {903E069E-D390-EBCD-45E1-B4BE9FDBE416}
		{2C5D1823-F399-4DDB-8B4C-B7BECFC55048} = {903E069E-D390-EBCD-45E1-B4BE9FDBE416}
		{3D44E5A7-E123-BDB6-F684-CD8BAC9383CC} = {827E0CD3-B72D-47B6-A68D-7590B98EB39B}
		{AAEF83E4-F64E-487B-9E0C-3A2B0AA0066A} = {3D44E5A7-E123-BDB6-F684-CD8BAC9383CC}
	EndGlobalSection
EndGlobal
